
Microsoft Visual Studio Solution File, Format Version 12.00
# Visual Studio Version 17
VisualStudioVersion = 17.5.002.0
MinimumVisualStudioVersion = 10.0.40219.1
Project("{9A19103F-16F7-4668-BE54-9A1E7A4F7556}") = "DesafioPOO", "DesafioPOO.csproj", "{601A23D4-5F55-4FE9-80E1-5EC203E9E4B3}"
EndProject
Global
	GlobalSection(SolutionConfigurationPlatforms) = preSolution
		Debug|Any CPU = Debug|Any CPU
		Release|Any CPU = Release|Any CPU
	EndGlobalSection
	GlobalSection(ProjectConfigurationPlatforms) = postSolution
		{601A23D4-5F55-4FE9-80E1-5EC203E9E4B3}.Debug|Any CPU.ActiveCfg = Debug|Any CPU
		{601A23D4-5F55-4FE9-80E1-5EC203E9E4B3}.Debug|Any CPU.Build.0 = Debug|Any CPU
		{601A23D4-5F55-4FE9-80E1-5EC203E9E4B3}.Release|Any CPU.ActiveCfg = Release|Any CPU
		{601A23D4-5F55-4FE9-80E1-5EC203E9E4B3}.Release|Any CPU.Build.0 = Release|Any CPU
	EndGlobalSection
	GlobalSection(SolutionProperties) = preSolution
		HideSolutionNode = FALSE
	EndGlobalSection
	GlobalSection(ExtensibilityGlobals) = postSolution
		SolutionGuid = {64D6EBE0-C3B1-4797-BB72-F736BF4992A8}
	EndGlobalSection
EndGlobal
